
Microsoft Visual Studio Solution File, Format Version 12.00
# Visual Studio Version 17
VisualStudioVersion = 17.8.34330.188
MinimumVisualStudioVersion = 10.0.40219.1
Project("{FAE04EC0-301F-11D3-BF4B-00C04F79EFBC}") = "PlayerNoteChanger", "PlayerNoteChanger\PlayerNoteChanger.csproj", "{62C481CC-362E-4D85-A546-5DC8B4209438}"
EndProject
Global
	GlobalSection(SolutionConfigurationPlatforms) = preSolution
		Debug|Any CPU = Debug|Any CPU
		Release|Any CPU = Release|Any CPU
	EndGlobalSection
	GlobalSection(ProjectConfigurationPlatforms) = postSolution
		{62C481CC-362E-4D85-A546-5DC8B4209438}.Debug|Any CPU.ActiveCfg = Debug|Any CPU
		{62C481CC-362E-4D85-A546-5DC8B4209438}.Debug|Any CPU.Build.0 = Debug|Any CPU
		{62C481CC-362E-4D85-A546-5DC8B4209438}.Release|Any CPU.ActiveCfg = Release|Any CPU
		{62C481CC-362E-4D85-A546-5DC8B4209438}.Release|Any CPU.Build.0 = Release|Any CPU
	EndGlobalSection
	GlobalSection(SolutionProperties) = preSolution
		HideSolutionNode = FALSE
	EndGlobalSection
	GlobalSection(ExtensibilityGlobals) = postSolution
		SolutionGuid = {82C4B6F0-1ED3-4AB4-BB93-E863F623E2F7}
	EndGlobalSection
EndGlobal
